// !$*UTF8*$!
{
	archiveVersion = 1;
	classes = {
	};
	objectVersion = 46;
	objects = {

/* Begin PBXBuildFile section */
		6A00B6161A81A6AD0004B1F9 /* Matrix.swift in Sources */ = {isa = PBXBuildFile; fileRef = 6A00B6151A81A6AD0004B1F9 /* Matrix.swift */; };
		6A014EBF1C3CC2AB0046559F /* SpecFuncCephes.cxx in Sources */ = {isa = PBXBuildFile; fileRef = 6A014EBD1C3CC2AB0046559F /* SpecFuncCephes.cxx */; };
		6A014EC01C3CC2AB0046559F /* SpecFuncCephes.cxx in Sources */ = {isa = PBXBuildFile; fileRef = 6A014EBD1C3CC2AB0046559F /* SpecFuncCephes.cxx */; };
		6A25E0D919F8C9F900AC9DE3 /* Utils.swift in Sources */ = {isa = PBXBuildFile; fileRef = 6A25E0D719F8C9F900AC9DE3 /* Utils.swift */; };
		6A25E0DA19F8C9F900AC9DE3 /* State.swift in Sources */ = {isa = PBXBuildFile; fileRef = 6A25E0D819F8C9F900AC9DE3 /* State.swift */; };
		6A2A82311A1858F200F4CF6A /* ScoreElement.swift in Sources */ = {isa = PBXBuildFile; fileRef = 6A2A82301A1858F200F4CF6A /* ScoreElement.swift */; };
		6A5B13161A81A1CA00C86CDF /* Kalman.swift in Sources */ = {isa = PBXBuildFile; fileRef = 6A5B13151A81A1CA00C86CDF /* Kalman.swift */; };
		6A659A1E1BEEFD9D008E4777 /* README.markdown in Sources */ = {isa = PBXBuildFile; fileRef = 6A659A181BEEFD9D008E4777 /* README.markdown */; };
		6A659A1F1BEEFD9D008E4777 /* README.markdown in Sources */ = {isa = PBXBuildFile; fileRef = 6A659A181BEEFD9D008E4777 /* README.markdown */; };
		6A659A201BEEFD9D008E4777 /* TPCircularBuffer+AudioBufferList.c in Sources */ = {isa = PBXBuildFile; fileRef = 6A659A191BEEFD9D008E4777 /* TPCircularBuffer+AudioBufferList.c */; };
		6A659A211BEEFD9D008E4777 /* TPCircularBuffer+AudioBufferList.c in Sources */ = {isa = PBXBuildFile; fileRef = 6A659A191BEEFD9D008E4777 /* TPCircularBuffer+AudioBufferList.c */; };
		6A659A221BEEFD9D008E4777 /* TPCircularBuffer.c in Sources */ = {isa = PBXBuildFile; fileRef = 6A659A1B1BEEFD9D008E4777 /* TPCircularBuffer.c */; };
		6A659A231BEEFD9D008E4777 /* TPCircularBuffer.c in Sources */ = {isa = PBXBuildFile; fileRef = 6A659A1B1BEEFD9D008E4777 /* TPCircularBuffer.c */; };
		6A66BE9F1BEEDB77008B8468 /* ScoreFollower.swift in Sources */ = {isa = PBXBuildFile; fileRef = 6A66BE9E1BEEDB77008B8468 /* ScoreFollower.swift */; };
		6A66BEAE1BEEF414008B8468 /* libTheAmazingAudioEngine.a in Frameworks */ = {isa = PBXBuildFile; fileRef = 6A66BEA71BEEF3C9008B8468 /* libTheAmazingAudioEngine.a */; };
		6A79B1A41A035CDC006340B9 /* Score.swift in Sources */ = {isa = PBXBuildFile; fileRef = 6A79B1A31A035CDC006340B9 /* Score.swift */; };
		6AC7E3611BEF0C7F007CD0BC /* AudioToolbox.framework in Frameworks */ = {isa = PBXBuildFile; fileRef = 6AC7E3601BEF0C7F007CD0BC /* AudioToolbox.framework */; };
		6AC7E3631BEF0C89007CD0BC /* AVFoundation.framework in Frameworks */ = {isa = PBXBuildFile; fileRef = 6AC7E3621BEF0C89007CD0BC /* AVFoundation.framework */; };
		6AC7E3651BEF0C92007CD0BC /* Accelerate.framework in Frameworks */ = {isa = PBXBuildFile; fileRef = 6AC7E3641BEF0C92007CD0BC /* Accelerate.framework */; };
		6AC7E3661BEF0C9A007CD0BC /* libTheAmazingAudioEngine.a in Frameworks */ = {isa = PBXBuildFile; fileRef = 6A66BEA71BEEF3C9008B8468 /* libTheAmazingAudioEngine.a */; };
		6AC7E3671BEF0C9F007CD0BC /* Accelerate.framework in Frameworks */ = {isa = PBXBuildFile; fileRef = 6AC7E3641BEF0C92007CD0BC /* Accelerate.framework */; };
		6AC7E3681BEF0CA4007CD0BC /* AVFoundation.framework in Frameworks */ = {isa = PBXBuildFile; fileRef = 6AC7E3621BEF0C89007CD0BC /* AVFoundation.framework */; };
		6AC7E3691BEF0CAE007CD0BC /* AudioToolbox.framework in Frameworks */ = {isa = PBXBuildFile; fileRef = 6AC7E3601BEF0C7F007CD0BC /* AudioToolbox.framework */; };
		6AFA6C6F19F8C9B30066A5B3 /* AppDelegate.swift in Sources */ = {isa = PBXBuildFile; fileRef = 6AFA6C6E19F8C9B30066A5B3 /* AppDelegate.swift */; };
		6AFA6C7219F8C9B30066A5B3 /* ScoreFollower.xcdatamodeld in Sources */ = {isa = PBXBuildFile; fileRef = 6AFA6C7019F8C9B30066A5B3 /* ScoreFollower.xcdatamodeld */; };
		6AFA6C7419F8C9B30066A5B3 /* Images.xcassets in Resources */ = {isa = PBXBuildFile; fileRef = 6AFA6C7319F8C9B30066A5B3 /* Images.xcassets */; };
		6AFA6C7719F8C9B30066A5B3 /* LaunchScreen.xib in Resources */ = {isa = PBXBuildFile; fileRef = 6AFA6C7519F8C9B30066A5B3 /* LaunchScreen.xib */; };
		6AFA6C8319F8C9B40066A5B3 /* ScoreFollowerTests.swift in Sources */ = {isa = PBXBuildFile; fileRef = 6AFA6C8219F8C9B40066A5B3 /* ScoreFollowerTests.swift */; };
/* End PBXBuildFile section */

/* Begin PBXContainerItemProxy section */
		6A66BEA61BEEF3C9008B8468 /* PBXContainerItemProxy */ = {
			isa = PBXContainerItemProxy;
			containerPortal = 6A66BEA01BEEF3C9008B8468 /* TheAmazingAudioEngine.xcodeproj */;
			proxyType = 2;
			remoteGlobalIDString = 4C215CEC1523A7D500D36CAD;
			remoteInfo = TheAmazingAudioEngine;
		};
		6A66BEA81BEEF3C9008B8468 /* PBXContainerItemProxy */ = {
			isa = PBXContainerItemProxy;
			containerPortal = 6A66BEA01BEEF3C9008B8468 /* TheAmazingAudioEngine.xcodeproj */;
			proxyType = 2;
			remoteGlobalIDString = 7A5687101B54610900243427;
			remoteInfo = "TheAmazingAudioEngine OS X";
		};
		6A66BEAA1BEEF3C9008B8468 /* PBXContainerItemProxy */ = {
			isa = PBXContainerItemProxy;
			containerPortal = 6A66BEA01BEEF3C9008B8468 /* TheAmazingAudioEngine.xcodeproj */;
			proxyType = 2;
			remoteGlobalIDString = 17BB5B401BECD101007A2892;
			remoteInfo = "TheAmazingAudioEngine tvOS";
		};
		6A66BEAC1BEEF3FB008B8468 /* PBXContainerItemProxy */ = {
			isa = PBXContainerItemProxy;
			containerPortal = 6A66BEA01BEEF3C9008B8468 /* TheAmazingAudioEngine.xcodeproj */;
			proxyType = 1;
			remoteGlobalIDString = 4C215CEB1523A7D500D36CAD;
			remoteInfo = TheAmazingAudioEngine;
		};
		6AC7E36A1BEF0CB9007CD0BC /* PBXContainerItemProxy */ = {
			isa = PBXContainerItemProxy;
			containerPortal = 6A66BEA01BEEF3C9008B8468 /* TheAmazingAudioEngine.xcodeproj */;
			proxyType = 1;
			remoteGlobalIDString = 4C215CEB1523A7D500D36CAD;
			remoteInfo = TheAmazingAudioEngine;
		};
		6AFA6C7D19F8C9B30066A5B3 /* PBXContainerItemProxy */ = {
			isa = PBXContainerItemProxy;
			containerPortal = 6AFA6C6119F8C9B30066A5B3 /* Project object */;
			proxyType = 1;
			remoteGlobalIDString = 6AFA6C6819F8C9B30066A5B3;
			remoteInfo = ScoreFollower;
		};
/* End PBXContainerItemProxy section */

/* Begin PBXFileReference section */
		6A00B6151A81A6AD0004B1F9 /* Matrix.swift */ = {isa = PBXFileReference; fileEncoding = 4; lastKnownFileType = sourcecode.swift; path = Matrix.swift; sourceTree = "<group>"; };
		6A014EBD1C3CC2AB0046559F /* SpecFuncCephes.cxx */ = {isa = PBXFileReference; fileEncoding = 4; lastKnownFileType = sourcecode.cpp.cpp; path = SpecFuncCephes.cxx; sourceTree = "<group>"; };
		6A014EBE1C3CC2AB0046559F /* SpecFuncCephes.h */ = {isa = PBXFileReference; fileEncoding = 4; lastKnownFileType = sourcecode.c.h; path = SpecFuncCephes.h; sourceTree = "<group>"; };
		6A014EC11C3CC2DC0046559F /* ScoreFollower-Bridging-Header.h */ = {isa = PBXFileReference; fileEncoding = 4; lastKnownFileType = sourcecode.c.h; name = "ScoreFollower-Bridging-Header.h"; path = "ScoreFollower/ScoreFollower-Bridging-Header.h"; sourceTree = "<group>"; };
		6A25E0D719F8C9F900AC9DE3 /* Utils.swift */ = {isa = PBXFileReference; fileEncoding = 4; lastKnownFileType = sourcecode.swift; path = Utils.swift; sourceTree = "<group>"; usesTabs = 1; };
		6A25E0D819F8C9F900AC9DE3 /* State.swift */ = {isa = PBXFileReference; fileEncoding = 4; lastKnownFileType = sourcecode.swift; path = State.swift; sourceTree = "<group>"; usesTabs = 1; };
		6A2A82301A1858F200F4CF6A /* ScoreElement.swift */ = {isa = PBXFileReference; fileEncoding = 4; lastKnownFileType = sourcecode.swift; path = ScoreElement.swift; sourceTree = "<group>"; usesTabs = 1; };
		6A5B13151A81A1CA00C86CDF /* Kalman.swift */ = {isa = PBXFileReference; fileEncoding = 4; lastKnownFileType = sourcecode.swift; path = Kalman.swift; sourceTree = "<group>"; };
		6A659A181BEEFD9D008E4777 /* README.markdown */ = {isa = PBXFileReference; fileEncoding = 4; lastKnownFileType = net.daringfireball.markdown; path = README.markdown; sourceTree = "<group>"; };
		6A659A191BEEFD9D008E4777 /* TPCircularBuffer+AudioBufferList.c */ = {isa = PBXFileReference; fileEncoding = 4; lastKnownFileType = sourcecode.c.c; path = "TPCircularBuffer+AudioBufferList.c"; sourceTree = "<group>"; };
		6A659A1A1BEEFD9D008E4777 /* TPCircularBuffer+AudioBufferList.h */ = {isa = PBXFileReference; fileEncoding = 4; lastKnownFileType = sourcecode.c.h; path = "TPCircularBuffer+AudioBufferList.h"; sourceTree = "<group>"; };
		6A659A1B1BEEFD9D008E4777 /* TPCircularBuffer.c */ = {isa = PBXFileReference; fileEncoding = 4; lastKnownFileType = sourcecode.c.c; path = TPCircularBuffer.c; sourceTree = "<group>"; };
		6A659A1C1BEEFD9D008E4777 /* TPCircularBuffer.h */ = {isa = PBXFileReference; fileEncoding = 4; lastKnownFileType = sourcecode.c.h; path = TPCircularBuffer.h; sourceTree = "<group>"; };
		6A66BE9E1BEEDB77008B8468 /* ScoreFollower.swift */ = {isa = PBXFileReference; fileEncoding = 4; lastKnownFileType = sourcecode.swift; path = ScoreFollower.swift; sourceTree = "<group>"; };
		6A66BEA01BEEF3C9008B8468 /* TheAmazingAudioEngine.xcodeproj */ = {isa = PBXFileReference; lastKnownFileType = "wrapper.pb-project"; name = TheAmazingAudioEngine.xcodeproj; path = Library/TheAmazingAudioEngine/TheAmazingAudioEngine.xcodeproj; sourceTree = "<group>"; };
		6A79B1A31A035CDC006340B9 /* Score.swift */ = {isa = PBXFileReference; fileEncoding = 4; lastKnownFileType = sourcecode.swift; path = Score.swift; sourceTree = "<group>"; usesTabs = 1; };
		6AC7E3601BEF0C7F007CD0BC /* AudioToolbox.framework */ = {isa = PBXFileReference; lastKnownFileType = wrapper.framework; name = AudioToolbox.framework; path = System/Library/Frameworks/AudioToolbox.framework; sourceTree = SDKROOT; };
		6AC7E3621BEF0C89007CD0BC /* AVFoundation.framework */ = {isa = PBXFileReference; lastKnownFileType = wrapper.framework; name = AVFoundation.framework; path = System/Library/Frameworks/AVFoundation.framework; sourceTree = SDKROOT; };
		6AC7E3641BEF0C92007CD0BC /* Accelerate.framework */ = {isa = PBXFileReference; lastKnownFileType = wrapper.framework; name = Accelerate.framework; path = System/Library/Frameworks/Accelerate.framework; sourceTree = SDKROOT; };
		6AFA6C6919F8C9B30066A5B3 /* ScoreFollower.app */ = {isa = PBXFileReference; explicitFileType = wrapper.application; includeInIndex = 0; path = ScoreFollower.app; sourceTree = BUILT_PRODUCTS_DIR; };
		6AFA6C6D19F8C9B30066A5B3 /* Info.plist */ = {isa = PBXFileReference; lastKnownFileType = text.plist.xml; path = Info.plist; sourceTree = "<group>"; };
		6AFA6C6E19F8C9B30066A5B3 /* AppDelegate.swift */ = {isa = PBXFileReference; lastKnownFileType = sourcecode.swift; path = AppDelegate.swift; sourceTree = "<group>"; };
		6AFA6C7119F8C9B30066A5B3 /* ScoreFollower.xcdatamodel */ = {isa = PBXFileReference; lastKnownFileType = wrapper.xcdatamodel; path = ScoreFollower.xcdatamodel; sourceTree = "<group>"; };
		6AFA6C7319F8C9B30066A5B3 /* Images.xcassets */ = {isa = PBXFileReference; lastKnownFileType = folder.assetcatalog; path = Images.xcassets; sourceTree = "<group>"; };
		6AFA6C7619F8C9B30066A5B3 /* Base */ = {isa = PBXFileReference; lastKnownFileType = file.xib; name = Base; path = Base.lproj/LaunchScreen.xib; sourceTree = "<group>"; };
		6AFA6C7C19F8C9B30066A5B3 /* ScoreFollowerTests.xctest */ = {isa = PBXFileReference; explicitFileType = wrapper.cfbundle; includeInIndex = 0; path = ScoreFollowerTests.xctest; sourceTree = BUILT_PRODUCTS_DIR; };
		6AFA6C8119F8C9B40066A5B3 /* Info.plist */ = {isa = PBXFileReference; lastKnownFileType = text.plist.xml; path = Info.plist; sourceTree = "<group>"; };
		6AFA6C8219F8C9B40066A5B3 /* ScoreFollowerTests.swift */ = {isa = PBXFileReference; lastKnownFileType = sourcecode.swift; lineEnding = 0; path = ScoreFollowerTests.swift; sourceTree = "<group>"; usesTabs = 1; xcLanguageSpecificationIdentifier = xcode.lang.swift; };
/* End PBXFileReference section */

/* Begin PBXFrameworksBuildPhase section */
		6AFA6C6619F8C9B30066A5B3 /* Frameworks */ = {
			isa = PBXFrameworksBuildPhase;
			buildActionMask = 2147483647;
			files = (
				6AC7E3651BEF0C92007CD0BC /* Accelerate.framework in Frameworks */,
				6AC7E3631BEF0C89007CD0BC /* AVFoundation.framework in Frameworks */,
				6AC7E3611BEF0C7F007CD0BC /* AudioToolbox.framework in Frameworks */,
				6A66BEAE1BEEF414008B8468 /* libTheAmazingAudioEngine.a in Frameworks */,
			);
			runOnlyForDeploymentPostprocessing = 0;
		};
		6AFA6C7919F8C9B30066A5B3 /* Frameworks */ = {
			isa = PBXFrameworksBuildPhase;
			buildActionMask = 2147483647;
			files = (
				6AC7E3691BEF0CAE007CD0BC /* AudioToolbox.framework in Frameworks */,
				6AC7E3681BEF0CA4007CD0BC /* AVFoundation.framework in Frameworks */,
				6AC7E3671BEF0C9F007CD0BC /* Accelerate.framework in Frameworks */,
				6AC7E3661BEF0C9A007CD0BC /* libTheAmazingAudioEngine.a in Frameworks */,
			);
			runOnlyForDeploymentPostprocessing = 0;
		};
/* End PBXFrameworksBuildPhase section */

/* Begin PBXGroup section */
		6A014EBC1C3CC2AB0046559F /* Root Math */ = {
			isa = PBXGroup;
			children = (
				6A014EBD1C3CC2AB0046559F /* SpecFuncCephes.cxx */,
				6A014EBE1C3CC2AB0046559F /* SpecFuncCephes.h */,
			);
			path = "Root Math";
			sourceTree = "<group>";
		};
		6A659A1D1BEEFD9D008E4777 /* TPCircularBuffer */ = {
			isa = PBXGroup;
			children = (
				6A659A181BEEFD9D008E4777 /* README.markdown */,
				6A659A191BEEFD9D008E4777 /* TPCircularBuffer+AudioBufferList.c */,
				6A659A1A1BEEFD9D008E4777 /* TPCircularBuffer+AudioBufferList.h */,
				6A659A1B1BEEFD9D008E4777 /* TPCircularBuffer.c */,
				6A659A1C1BEEFD9D008E4777 /* TPCircularBuffer.h */,
			);
			name = TPCircularBuffer;
			path = Library/TheAmazingAudioEngine/Modules/TPCircularBuffer;
			sourceTree = "<group>";
		};
		6A66BEA11BEEF3C9008B8468 /* Products */ = {
			isa = PBXGroup;
			children = (
				6A66BEA71BEEF3C9008B8468 /* libTheAmazingAudioEngine.a */,
				6A66BEA91BEEF3C9008B8468 /* libTheAmazingAudioEngine OS X.a */,
				6A66BEAB1BEEF3C9008B8468 /* libTheAmazingAudioEngine tvOS.a */,
			);
			name = Products;
			sourceTree = "<group>";
		};
		6AFA6C6019F8C9B30066A5B3 = {
			isa = PBXGroup;
			children = (
				6A014EC11C3CC2DC0046559F /* ScoreFollower-Bridging-Header.h */,
				6A014EBC1C3CC2AB0046559F /* Root Math */,
				6AC7E3641BEF0C92007CD0BC /* Accelerate.framework */,
				6AC7E3621BEF0C89007CD0BC /* AVFoundation.framework */,
				6AC7E3601BEF0C7F007CD0BC /* AudioToolbox.framework */,
				6A659A1D1BEEFD9D008E4777 /* TPCircularBuffer */,
				6AFA6C6B19F8C9B30066A5B3 /* ScoreFollower */,
				6AFA6C7F19F8C9B30066A5B3 /* ScoreFollowerTests */,
				6AFA6C6A19F8C9B30066A5B3 /* Products */,
				6A66BEA01BEEF3C9008B8468 /* TheAmazingAudioEngine.xcodeproj */,
			);
			sourceTree = "<group>";
		};
		6AFA6C6A19F8C9B30066A5B3 /* Products */ = {
			isa = PBXGroup;
			children = (
				6AFA6C6919F8C9B30066A5B3 /* ScoreFollower.app */,
				6AFA6C7C19F8C9B30066A5B3 /* ScoreFollowerTests.xctest */,
			);
			name = Products;
			sourceTree = "<group>";
		};
		6AFA6C6B19F8C9B30066A5B3 /* ScoreFollower */ = {
			isa = PBXGroup;
			children = (
				6A25E0D719F8C9F900AC9DE3 /* Utils.swift */,
				6A5B13151A81A1CA00C86CDF /* Kalman.swift */,
				6A00B6151A81A6AD0004B1F9 /* Matrix.swift */,
				6A25E0D819F8C9F900AC9DE3 /* State.swift */,
				6A2A82301A1858F200F4CF6A /* ScoreElement.swift */,
				6A79B1A31A035CDC006340B9 /* Score.swift */,
				6A66BE9E1BEEDB77008B8468 /* ScoreFollower.swift */,
				6AFA6C6E19F8C9B30066A5B3 /* AppDelegate.swift */,
				6AFA6C7319F8C9B30066A5B3 /* Images.xcassets */,
				6AFA6C7519F8C9B30066A5B3 /* LaunchScreen.xib */,
				6AFA6C7019F8C9B30066A5B3 /* ScoreFollower.xcdatamodeld */,
				6AFA6C6C19F8C9B30066A5B3 /* Supporting Files */,
			);
			path = ScoreFollower;
			sourceTree = "<group>";
		};
		6AFA6C6C19F8C9B30066A5B3 /* Supporting Files */ = {
			isa = PBXGroup;
			children = (
				6AFA6C6D19F8C9B30066A5B3 /* Info.plist */,
			);
			name = "Supporting Files";
			sourceTree = "<group>";
		};
		6AFA6C7F19F8C9B30066A5B3 /* ScoreFollowerTests */ = {
			isa = PBXGroup;
			children = (
				6AFA6C8219F8C9B40066A5B3 /* ScoreFollowerTests.swift */,
				6AFA6C8019F8C9B40066A5B3 /* Supporting Files */,
			);
			path = ScoreFollowerTests;
			sourceTree = "<group>";
		};
		6AFA6C8019F8C9B40066A5B3 /* Supporting Files */ = {
			isa = PBXGroup;
			children = (
				6AFA6C8119F8C9B40066A5B3 /* Info.plist */,
			);
			name = "Supporting Files";
			sourceTree = "<group>";
		};
/* End PBXGroup section */

/* Begin PBXNativeTarget section */
		6AFA6C6819F8C9B30066A5B3 /* ScoreFollower */ = {
			isa = PBXNativeTarget;
			buildConfigurationList = 6AFA6C8619F8C9B40066A5B3 /* Build configuration list for PBXNativeTarget "ScoreFollower" */;
			buildPhases = (
				6AFA6C6519F8C9B30066A5B3 /* Sources */,
				6AFA6C6619F8C9B30066A5B3 /* Frameworks */,
				6AFA6C6719F8C9B30066A5B3 /* Resources */,
			);
			buildRules = (
			);
			dependencies = (
				6A66BEAD1BEEF3FB008B8468 /* PBXTargetDependency */,
			);
			name = ScoreFollower;
			productName = ScoreFollower;
			productReference = 6AFA6C6919F8C9B30066A5B3 /* ScoreFollower.app */;
			productType = "com.apple.product-type.application";
		};
		6AFA6C7B19F8C9B30066A5B3 /* ScoreFollowerTests */ = {
			isa = PBXNativeTarget;
			buildConfigurationList = 6AFA6C8919F8C9B40066A5B3 /* Build configuration list for PBXNativeTarget "ScoreFollowerTests" */;
			buildPhases = (
				6AFA6C7819F8C9B30066A5B3 /* Sources */,
				6AFA6C7919F8C9B30066A5B3 /* Frameworks */,
				6AFA6C7A19F8C9B30066A5B3 /* Resources */,
			);
			buildRules = (
			);
			dependencies = (
				6AC7E36B1BEF0CB9007CD0BC /* PBXTargetDependency */,
				6AFA6C7E19F8C9B30066A5B3 /* PBXTargetDependency */,
			);
			name = ScoreFollowerTests;
			productName = ScoreFollowerTests;
			productReference = 6AFA6C7C19F8C9B30066A5B3 /* ScoreFollowerTests.xctest */;
			productType = "com.apple.product-type.bundle.unit-test";
		};
/* End PBXNativeTarget section */

/* Begin PBXProject section */
		6AFA6C6119F8C9B30066A5B3 /* Project object */ = {
			isa = PBXProject;
			attributes = {
				LastSwiftMigration = 0710;
				LastSwiftUpdateCheck = 0710;
				LastUpgradeCheck = 0710;
				ORGANIZATIONNAME = "Tristan Yang";
				TargetAttributes = {
					6AFA6C6819F8C9B30066A5B3 = {
						CreatedOnToolsVersion = 6.0.1;
					};
					6AFA6C7B19F8C9B30066A5B3 = {
						CreatedOnToolsVersion = 6.0.1;
						TestTargetID = 6AFA6C6819F8C9B30066A5B3;
					};
				};
			};
			buildConfigurationList = 6AFA6C6419F8C9B30066A5B3 /* Build configuration list for PBXProject "ScoreFollower" */;
			compatibilityVersion = "Xcode 3.2";
			developmentRegion = English;
			hasScannedForEncodings = 0;
			knownRegions = (
				en,
				Base,
			);
			mainGroup = 6AFA6C6019F8C9B30066A5B3;
			productRefGroup = 6AFA6C6A19F8C9B30066A5B3 /* Products */;
			projectDirPath = "";
			projectReferences = (
				{
					ProductGroup = 6A66BEA11BEEF3C9008B8468 /* Products */;
					ProjectRef = 6A66BEA01BEEF3C9008B8468 /* TheAmazingAudioEngine.xcodeproj */;
				},
			);
			projectRoot = "";
			targets = (
				6AFA6C6819F8C9B30066A5B3 /* ScoreFollower */,
				6AFA6C7B19F8C9B30066A5B3 /* ScoreFollowerTests */,
			);
		};
/* End PBXProject section */

/* Begin PBXReferenceProxy section */
		6A66BEA71BEEF3C9008B8468 /* libTheAmazingAudioEngine.a */ = {
			isa = PBXReferenceProxy;
			fileType = archive.ar;
			path = libTheAmazingAudioEngine.a;
			remoteRef = 6A66BEA61BEEF3C9008B8468 /* PBXContainerItemProxy */;
			sourceTree = BUILT_PRODUCTS_DIR;
		};
		6A66BEA91BEEF3C9008B8468 /* libTheAmazingAudioEngine OS X.a */ = {
			isa = PBXReferenceProxy;
			fileType = archive.ar;
			path = "libTheAmazingAudioEngine OS X.a";
			remoteRef = 6A66BEA81BEEF3C9008B8468 /* PBXContainerItemProxy */;
			sourceTree = BUILT_PRODUCTS_DIR;
		};
		6A66BEAB1BEEF3C9008B8468 /* libTheAmazingAudioEngine tvOS.a */ = {
			isa = PBXReferenceProxy;
			fileType = archive.ar;
			path = "libTheAmazingAudioEngine tvOS.a";
			remoteRef = 6A66BEAA1BEEF3C9008B8468 /* PBXContainerItemProxy */;
			sourceTree = BUILT_PRODUCTS_DIR;
		};
/* End PBXReferenceProxy section */

/* Begin PBXResourcesBuildPhase section */
		6AFA6C6719F8C9B30066A5B3 /* Resources */ = {
			isa = PBXResourcesBuildPhase;
			buildActionMask = 2147483647;
			files = (
				6AFA6C7719F8C9B30066A5B3 /* LaunchScreen.xib in Resources */,
				6AFA6C7419F8C9B30066A5B3 /* Images.xcassets in Resources */,
			);
			runOnlyForDeploymentPostprocessing = 0;
		};
		6AFA6C7A19F8C9B30066A5B3 /* Resources */ = {
			isa = PBXResourcesBuildPhase;
			buildActionMask = 2147483647;
			files = (
			);
			runOnlyForDeploymentPostprocessing = 0;
		};
/* End PBXResourcesBuildPhase section */

/* Begin PBXSourcesBuildPhase section */
		6AFA6C6519F8C9B30066A5B3 /* Sources */ = {
			isa = PBXSourcesBuildPhase;
			buildActionMask = 2147483647;
			files = (
				6A25E0D919F8C9F900AC9DE3 /* Utils.swift in Sources */,
				6AFA6C7219F8C9B30066A5B3 /* ScoreFollower.xcdatamodeld in Sources */,
				6AFA6C6F19F8C9B30066A5B3 /* AppDelegate.swift in Sources */,
				6A2A82311A1858F200F4CF6A /* ScoreElement.swift in Sources */,
				6A659A201BEEFD9D008E4777 /* TPCircularBuffer+AudioBufferList.c in Sources */,
				6A25E0DA19F8C9F900AC9DE3 /* State.swift in Sources */,
				6A659A221BEEFD9D008E4777 /* TPCircularBuffer.c in Sources */,
				6A66BE9F1BEEDB77008B8468 /* ScoreFollower.swift in Sources */,
				6A659A1E1BEEFD9D008E4777 /* README.markdown in Sources */,
				6A014EBF1C3CC2AB0046559F /* SpecFuncCephes.cxx in Sources */,
				6A79B1A41A035CDC006340B9 /* Score.swift in Sources */,
				6A00B6161A81A6AD0004B1F9 /* Matrix.swift in Sources */,
				6A5B13161A81A1CA00C86CDF /* Kalman.swift in Sources */,
			);
			runOnlyForDeploymentPostprocessing = 0;
		};
		6AFA6C7819F8C9B30066A5B3 /* Sources */ = {
			isa = PBXSourcesBuildPhase;
			buildActionMask = 2147483647;
			files = (
				6A659A1F1BEEFD9D008E4777 /* README.markdown in Sources */,
				6AFA6C8319F8C9B40066A5B3 /* ScoreFollowerTests.swift in Sources */,
				6A659A231BEEFD9D008E4777 /* TPCircularBuffer.c in Sources */,
				6A014EC01C3CC2AB0046559F /* SpecFuncCephes.cxx in Sources */,
				6A659A211BEEFD9D008E4777 /* TPCircularBuffer+AudioBufferList.c in Sources */,
			);
			runOnlyForDeploymentPostprocessing = 0;
		};
/* End PBXSourcesBuildPhase section */

/* Begin PBXTargetDependency section */
		6A66BEAD1BEEF3FB008B8468 /* PBXTargetDependency */ = {
			isa = PBXTargetDependency;
			name = TheAmazingAudioEngine;
			targetProxy = 6A66BEAC1BEEF3FB008B8468 /* PBXContainerItemProxy */;
		};
		6AC7E36B1BEF0CB9007CD0BC /* PBXTargetDependency */ = {
			isa = PBXTargetDependency;
			name = TheAmazingAudioEngine;
			targetProxy = 6AC7E36A1BEF0CB9007CD0BC /* PBXContainerItemProxy */;
		};
		6AFA6C7E19F8C9B30066A5B3 /* PBXTargetDependency */ = {
			isa = PBXTargetDependency;
			target = 6AFA6C6819F8C9B30066A5B3 /* ScoreFollower */;
			targetProxy = 6AFA6C7D19F8C9B30066A5B3 /* PBXContainerItemProxy */;
		};
/* End PBXTargetDependency section */

/* Begin PBXVariantGroup section */
		6AFA6C7519F8C9B30066A5B3 /* LaunchScreen.xib */ = {
			isa = PBXVariantGroup;
			children = (
				6AFA6C7619F8C9B30066A5B3 /* Base */,
			);
			name = LaunchScreen.xib;
			sourceTree = "<group>";
		};
/* End PBXVariantGroup section */

/* Begin XCBuildConfiguration section */
		6AFA6C8419F8C9B40066A5B3 /* Debug */ = {
			isa = XCBuildConfiguration;
			buildSettings = {
				ALWAYS_SEARCH_USER_PATHS = NO;
				CLANG_CXX_LANGUAGE_STANDARD = "gnu++0x";
				CLANG_CXX_LIBRARY = "libc++";
				CLANG_ENABLE_MODULES = YES;
				CLANG_ENABLE_OBJC_ARC = YES;
				CLANG_WARN_BOOL_CONVERSION = YES;
				CLANG_WARN_CONSTANT_CONVERSION = YES;
				CLANG_WARN_DIRECT_OBJC_ISA_USAGE = YES_ERROR;
				CLANG_WARN_EMPTY_BODY = YES;
				CLANG_WARN_ENUM_CONVERSION = YES;
				CLANG_WARN_INT_CONVERSION = YES;
				CLANG_WARN_OBJC_ROOT_CLASS = YES_ERROR;
				CLANG_WARN_UNREACHABLE_CODE = YES;
				CLANG_WARN__DUPLICATE_METHOD_MATCH = YES;
				"CODE_SIGN_IDENTITY[sdk=iphoneos*]" = "iPhone Developer";
				COPY_PHASE_STRIP = NO;
				ENABLE_STRICT_OBJC_MSGSEND = YES;
				ENABLE_TESTABILITY = YES;
				GCC_C_LANGUAGE_STANDARD = gnu99;
				GCC_DYNAMIC_NO_PIC = NO;
				GCC_OPTIMIZATION_LEVEL = 0;
				GCC_PREPROCESSOR_DEFINITIONS = (
					"DEBUG=1",
					"$(inherited)",
				);
				GCC_SYMBOLS_PRIVATE_EXTERN = NO;
				GCC_WARN_64_TO_32_BIT_CONVERSION = YES;
				GCC_WARN_ABOUT_RETURN_TYPE = YES_ERROR;
				GCC_WARN_UNDECLARED_SELECTOR = YES;
				GCC_WARN_UNINITIALIZED_AUTOS = YES_AGGRESSIVE;
				GCC_WARN_UNUSED_FUNCTION = YES;
				GCC_WARN_UNUSED_VARIABLE = YES;
				HEADER_SEARCH_PATHS = (
					"$(PROJECT_DIR)/Library/The",
					Amazing,
					Audio,
					Engine/TheAmazingAudioEngine,
				);
				IPHONEOS_DEPLOYMENT_TARGET = 8.0;
				MTL_ENABLE_DEBUG_INFO = YES;
				ONLY_ACTIVE_ARCH = YES;
				SDKROOT = iphoneos;
				SWIFT_OPTIMIZATION_LEVEL = "-Onone";
				TARGETED_DEVICE_FAMILY = "1,2";
			};
			name = Debug;
		};
		6AFA6C8519F8C9B40066A5B3 /* Release */ = {
			isa = XCBuildConfiguration;
			buildSettings = {
				ALWAYS_SEARCH_USER_PATHS = NO;
				CLANG_CXX_LANGUAGE_STANDARD = "gnu++0x";
				CLANG_CXX_LIBRARY = "libc++";
				CLANG_ENABLE_MODULES = YES;
				CLANG_ENABLE_OBJC_ARC = YES;
				CLANG_WARN_BOOL_CONVERSION = YES;
				CLANG_WARN_CONSTANT_CONVERSION = YES;
				CLANG_WARN_DIRECT_OBJC_ISA_USAGE = YES_ERROR;
				CLANG_WARN_EMPTY_BODY = YES;
				CLANG_WARN_ENUM_CONVERSION = YES;
				CLANG_WARN_INT_CONVERSION = YES;
				CLANG_WARN_OBJC_ROOT_CLASS = YES_ERROR;
				CLANG_WARN_UNREACHABLE_CODE = YES;
				CLANG_WARN__DUPLICATE_METHOD_MATCH = YES;
				"CODE_SIGN_IDENTITY[sdk=iphoneos*]" = "iPhone Developer";
				COPY_PHASE_STRIP = YES;
				ENABLE_NS_ASSERTIONS = NO;
				ENABLE_STRICT_OBJC_MSGSEND = YES;
				GCC_C_LANGUAGE_STANDARD = gnu99;
				GCC_WARN_64_TO_32_BIT_CONVERSION = YES;
				GCC_WARN_ABOUT_RETURN_TYPE = YES_ERROR;
				GCC_WARN_UNDECLARED_SELECTOR = YES;
				GCC_WARN_UNINITIALIZED_AUTOS = YES_AGGRESSIVE;
				GCC_WARN_UNUSED_FUNCTION = YES;
				GCC_WARN_UNUSED_VARIABLE = YES;
				HEADER_SEARCH_PATHS = (
					"$(PROJECT_DIR)/Library/The",
					Amazing,
					Audio,
					Engine/TheAmazingAudioEngine,
				);
				IPHONEOS_DEPLOYMENT_TARGET = 8.0;
				MTL_ENABLE_DEBUG_INFO = NO;
				SDKROOT = iphoneos;
				TARGETED_DEVICE_FAMILY = "1,2";
				VALIDATE_PRODUCT = YES;
			};
			name = Release;
		};
		6AFA6C8719F8C9B40066A5B3 /* Debug */ = {
			isa = XCBuildConfiguration;
			buildSettings = {
				ASSETCATALOG_COMPILER_APPICON_NAME = AppIcon;
				CLANG_USE_OPTIMIZATION_PROFILE = NO;
				GCC_INSTRUMENT_PROGRAM_FLOW_ARCS = NO;
				GENERATE_PROFILING_CODE = NO;
				HEADER_SEARCH_PATHS = "";
				INFOPLIST_FILE = ScoreFollower/Info.plist;
				IPHONEOS_DEPLOYMENT_TARGET = 8.0;
				LD_RUNPATH_SEARCH_PATHS = "$(inherited) @executable_path/Frameworks";
				LIBRARY_SEARCH_PATHS = (
					"$(inherited)",
					"$(PROJECT_DIR)",
				);
				PRODUCT_BUNDLE_IDENTIFIER = "tristanyang.$(PRODUCT_NAME:rfc1034identifier)";
				PRODUCT_NAME = "$(TARGET_NAME)";
				SWIFT_OBJC_BRIDGING_HEADER = "ScoreFollower/ScoreFollower-Bridging-Header.h";
			};
			name = Debug;
		};
		6AFA6C8819F8C9B40066A5B3 /* Release */ = {
			isa = XCBuildConfiguration;
			buildSettings = {
				ASSETCATALOG_COMPILER_APPICON_NAME = AppIcon;
				CLANG_USE_OPTIMIZATION_PROFILE = NO;
				GCC_INSTRUMENT_PROGRAM_FLOW_ARCS = NO;
				GENERATE_PROFILING_CODE = NO;
				HEADER_SEARCH_PATHS = "";
				INFOPLIST_FILE = ScoreFollower/Info.plist;
				IPHONEOS_DEPLOYMENT_TARGET = 8.0;
				LD_RUNPATH_SEARCH_PATHS = "$(inherited) @executable_path/Frameworks";
				LIBRARY_SEARCH_PATHS = (
					"$(inherited)",
					"$(PROJECT_DIR)",
				);
				PRODUCT_BUNDLE_IDENTIFIER = "tristanyang.$(PRODUCT_NAME:rfc1034identifier)";
				PRODUCT_NAME = "$(TARGET_NAME)";
				SWIFT_OBJC_BRIDGING_HEADER = "ScoreFollower/ScoreFollower-Bridging-Header.h";
				VALIDATE_PRODUCT = YES;
			};
			name = Release;
		};
		6AFA6C8A19F8C9B40066A5B3 /* Debug */ = {
			isa = XCBuildConfiguration;
			buildSettings = {
				BUNDLE_LOADER = "$(TEST_HOST)";
				FRAMEWORK_SEARCH_PATHS = "";
				GCC_PREPROCESSOR_DEFINITIONS = (
					"DEBUG=1",
					"$(inherited)",
				);
				HEADER_SEARCH_PATHS = "";
				INFOPLIST_FILE = ScoreFollowerTests/Info.plist;
				LD_RUNPATH_SEARCH_PATHS = "$(inherited) @executable_path/Frameworks @loader_path/Frameworks";
				LIBRARY_SEARCH_PATHS = "";
				PRODUCT_BUNDLE_IDENTIFIER = "tristanyang.$(PRODUCT_NAME:rfc1034identifier)";
				PRODUCT_NAME = "$(TARGET_NAME)";
				TEST_HOST = "$(BUILT_PRODUCTS_DIR)/ScoreFollower.app/ScoreFollower";
			};
			name = Debug;
		};
		6AFA6C8B19F8C9B40066A5B3 /* Release */ = {
			isa = XCBuildConfiguration;
			buildSettings = {
				BUNDLE_LOADER = "$(TEST_HOST)";
				FRAMEWORK_SEARCH_PATHS = "";
				HEADER_SEARCH_PATHS = "";
				INFOPLIST_FILE = ScoreFollowerTests/Info.plist;
				LD_RUNPATH_SEARCH_PATHS = "$(inherited) @executable_path/Frameworks @loader_path/Frameworks";
				LIBRARY_SEARCH_PATHS = "";
				PRODUCT_BUNDLE_IDENTIFIER = "tristanyang.$(PRODUCT_NAME:rfc1034identifier)";
				PRODUCT_NAME = "$(TARGET_NAME)";
				TEST_HOST = "$(BUILT_PRODUCTS_DIR)/ScoreFollower.app/ScoreFollower";
			};
			name = Release;
		};
/* End XCBuildConfiguration section */

/* Begin XCConfigurationList section */
		6AFA6C6419F8C9B30066A5B3 /* Build configuration list for PBXProject "ScoreFollower" */ = {
			isa = XCConfigurationList;
			buildConfigurations = (
				6AFA6C8419F8C9B40066A5B3 /* Debug */,
				6AFA6C8519F8C9B40066A5B3 /* Release */,
			);
			defaultConfigurationIsVisible = 0;
			defaultConfigurationName = Release;
		};
		6AFA6C8619F8C9B40066A5B3 /* Build configuration list for PBXNativeTarget "ScoreFollower" */ = {
			isa = XCConfigurationList;
			buildConfigurations = (
				6AFA6C8719F8C9B40066A5B3 /* Debug */,
				6AFA6C8819F8C9B40066A5B3 /* Release */,
			);
			defaultConfigurationIsVisible = 0;
			defaultConfigurationName = Release;
		};
		6AFA6C8919F8C9B40066A5B3 /* Build configuration list for PBXNativeTarget "ScoreFollowerTests" */ = {
			isa = XCConfigurationList;
			buildConfigurations = (
				6AFA6C8A19F8C9B40066A5B3 /* Debug */,
				6AFA6C8B19F8C9B40066A5B3 /* Release */,
			);
			defaultConfigurationIsVisible = 0;
			defaultConfigurationName = Release;
		};
/* End XCConfigurationList section */

/* Begin XCVersionGroup section */
		6AFA6C7019F8C9B30066A5B3 /* ScoreFollower.xcdatamodeld */ = {
			isa = XCVersionGroup;
			children = (
				6AFA6C7119F8C9B30066A5B3 /* ScoreFollower.xcdatamodel */,
			);
			currentVersion = 6AFA6C7119F8C9B30066A5B3 /* ScoreFollower.xcdatamodel */;
			path = ScoreFollower.xcdatamodeld;
			sourceTree = "<group>";
			versionGroupType = wrapper.xcdatamodel;
		};
/* End XCVersionGroup section */
	};
	rootObject = 6AFA6C6119F8C9B30066A5B3 /* Project object */;
}
